
Microsoft Visual Studio Solution File, Format Version 12.00
# Visual Studio Version 17
VisualStudioVersion = 17.13.35931.197 d17.13
MinimumVisualStudioVersion = 10.0.40219.1
Project("{FAE04EC0-301F-11D3-BF4B-00C04F79EFBC}") = "ManavUygulamasi", "ManavUygulamasi\ManavUygulamasi.csproj", "{674EDA96-25F9-4C9C-950C-FC434B965D5A}"
EndProject
Global
	GlobalSection(SolutionConfigurationPlatforms) = preSolution
		Debug|Any CPU = Debug|Any CPU
		Release|Any CPU = Release|Any CPU
	EndGlobalSection
	GlobalSection(ProjectConfigurationPlatforms) = postSolution
		{674EDA96-25F9-4C9C-950C-FC434B965D5A}.Debug|Any CPU.ActiveCfg = Debug|Any CPU
		{674EDA96-25F9-4C9C-950C-FC434B965D5A}.Debug|Any CPU.Build.0 = Debug|Any CPU
		{674EDA96-25F9-4C9C-950C-FC434B965D5A}.Release|Any CPU.ActiveCfg = Release|Any CPU
		{674EDA96-25F9-4C9C-950C-FC434B965D5A}.Release|Any CPU.Build.0 = Release|Any CPU
	EndGlobalSection
	GlobalSection(SolutionProperties) = preSolution
		HideSolutionNode = FALSE
	EndGlobalSection
	GlobalSection(ExtensibilityGlobals) = postSolution
		SolutionGuid = {2FC9B889-7D65-4F7B-AA7D-FB11F8D54AC4}
	EndGlobalSection
EndGlobal
